
Microsoft Visual Studio Solution File, Format Version 12.00
# Visual Studio Version 17
VisualStudioVersion = 17.6.33829.357
MinimumVisualStudioVersion = 10.0.40219.1
Project("{FAE04EC0-301F-11D3-BF4B-00C04F79EFBC}") = "WebAPIBookManagement", "WebAPIBookManagement\WebAPIBookManagement.csproj", "{2A01EF43-52B0-4EB5-AE0A-D85EEE148D3E}"
EndProject
Global
	GlobalSection(SolutionConfigurationPlatforms) = preSolution
		Debug|Any CPU = Debug|Any CPU
		Release|Any CPU = Release|Any CPU
	EndGlobalSection
	GlobalSection(ProjectConfigurationPlatforms) = postSolution
		{2A01EF43-52B0-4EB5-AE0A-D85EEE148D3E}.Debug|Any CPU.ActiveCfg = Debug|Any CPU
		{2A01EF43-52B0-4EB5-AE0A-D85EEE148D3E}.Debug|Any CPU.Build.0 = Debug|Any CPU
		{2A01EF43-52B0-4EB5-AE0A-D85EEE148D3E}.Release|Any CPU.ActiveCfg = Release|Any CPU
		{2A01EF43-52B0-4EB5-AE0A-D85EEE148D3E}.Release|Any CPU.Build.0 = Release|Any CPU
	EndGlobalSection
	GlobalSection(SolutionProperties) = preSolution
		HideSolutionNode = FALSE
	EndGlobalSection
	GlobalSection(ExtensibilityGlobals) = postSolution
		SolutionGuid = {E1058735-4B8D-4151-A429-F9FD9692816B}
	EndGlobalSection
EndGlobal
